
Microsoft Visual Studio Solution File, Format Version 12.00
# Visual Studio 15
VisualStudioVersion = 15.0.28010.2026
MinimumVisualStudioVersion = 10.0.40219.1
Project("{FAE04EC0-301F-11D3-BF4B-00C04F79EFBC}") = "CarRentalService", "CarRentalService\CarRentalService.csproj", "{0B84FB60-DC4E-4B7C-AC66-B9CDF133F555}"
EndProject
Project("{FAE04EC0-301F-11D3-BF4B-00C04F79EFBC}") = "CarRentalHost", "CarRentalHost\CarRentalHost.csproj", "{4FCBD03A-E885-4E38-A2E2-D66B75025642}"
EndProject
Project("{FAE04EC0-301F-11D3-BF4B-00C04F79EFBC}") = "CarRentalConsoleClient", "CarRentalConsoleClient\CarRentalConsoleClient.csproj", "{DC184678-A8B6-49CD-A2A8-224E9F16A7C1}"
EndProject
Project("{9A19103F-16F7-4668-BE54-9A1E7A4F7556}") = "Logic", "Logic\Logic.csproj", "{EBF6F7AA-8E31-40AC-A076-A5013F16A56D}"
EndProject
Project("{9A19103F-16F7-4668-BE54-9A1E7A4F7556}") = "Storage", "Storage\Storage.csproj", "{DFFBB87E-1C69-4960-B525-CB27227455B4}"
EndProject
Global
	GlobalSection(SolutionConfigurationPlatforms) = preSolution
		Debug|Any CPU = Debug|Any CPU
		Release|Any CPU = Release|Any CPU
	EndGlobalSection
	GlobalSection(ProjectConfigurationPlatforms) = postSolution
		{0B84FB60-DC4E-4B7C-AC66-B9CDF133F555}.Debug|Any CPU.ActiveCfg = Debug|Any CPU
		{0B84FB60-DC4E-4B7C-AC66-B9CDF133F555}.Debug|Any CPU.Build.0 = Debug|Any CPU
		{0B84FB60-DC4E-4B7C-AC66-B9CDF133F555}.Release|Any CPU.ActiveCfg = Release|Any CPU
		{0B84FB60-DC4E-4B7C-AC66-B9CDF133F555}.Release|Any CPU.Build.0 = Release|Any CPU
		{4FCBD03A-E885-4E38-A2E2-D66B75025642}.Debug|Any CPU.ActiveCfg = Debug|Any CPU
		{4FCBD03A-E885-4E38-A2E2-D66B75025642}.Debug|Any CPU.Build.0 = Debug|Any CPU
		{4FCBD03A-E885-4E38-A2E2-D66B75025642}.Release|Any CPU.ActiveCfg = Release|Any CPU
		{4FCBD03A-E885-4E38-A2E2-D66B75025642}.Release|Any CPU.Build.0 = Release|Any CPU
		{DC184678-A8B6-49CD-A2A8-224E9F16A7C1}.Debug|Any CPU.ActiveCfg = Debug|Any CPU
		{DC184678-A8B6-49CD-A2A8-224E9F16A7C1}.Debug|Any CPU.Build.0 = Debug|Any CPU
		{DC184678-A8B6-49CD-A2A8-224E9F16A7C1}.Release|Any CPU.ActiveCfg = Release|Any CPU
		{DC184678-A8B6-49CD-A2A8-224E9F16A7C1}.Release|Any CPU.Build.0 = Release|Any CPU
		{EBF6F7AA-8E31-40AC-A076-A5013F16A56D}.Debug|Any CPU.ActiveCfg = Debug|Any CPU
		{EBF6F7AA-8E31-40AC-A076-A5013F16A56D}.Debug|Any CPU.Build.0 = Debug|Any CPU
		{EBF6F7AA-8E31-40AC-A076-A5013F16A56D}.Release|Any CPU.ActiveCfg = Release|Any CPU
		{EBF6F7AA-8E31-40AC-A076-A5013F16A56D}.Release|Any CPU.Build.0 = Release|Any CPU
		{DFFBB87E-1C69-4960-B525-CB27227455B4}.Debug|Any CPU.ActiveCfg = Debug|Any CPU
		{DFFBB87E-1C69-4960-B525-CB27227455B4}.Debug|Any CPU.Build.0 = Debug|Any CPU
		{DFFBB87E-1C69-4960-B525-CB27227455B4}.Release|Any CPU.ActiveCfg = Release|Any CPU
		{DFFBB87E-1C69-4960-B525-CB27227455B4}.Release|Any CPU.Build.0 = Release|Any CPU
	EndGlobalSection
	GlobalSection(SolutionProperties) = preSolution
		HideSolutionNode = FALSE
	EndGlobalSection
	GlobalSection(ExtensibilityGlobals) = postSolution
		SolutionGuid = {DBF4799B-6CF4-42F4-AA23-B6E205DC1B24}
	EndGlobalSection
EndGlobal
